// !$*UTF8*$!
{
	archiveVersion = 1;
	classes = {
	};
	objectVersion = 56;
	objects = {

/* Begin PBXBuildFile section */
		84006EE629A1B4C400F1FC34 /* Model.xcdatamodeld in Sources */ = {isa = PBXBuildFile; fileRef = 84006EE429A1B4C400F1FC34 /* Model.xcdatamodeld */; };
		84006EE829A1B52D00F1FC34 /* CDInteractor.swift in Sources */ = {isa = PBXBuildFile; fileRef = 84006EE729A1B52D00F1FC34 /* CDInteractor.swift */; };
		84006EEB29A1B55400F1FC34 /* PersistentContainer.swift in Sources */ = {isa = PBXBuildFile; fileRef = 84006EEA29A1B55400F1FC34 /* PersistentContainer.swift */; };
		84006EEE29A1BFE500F1FC34 /* CDView.swift in Sources */ = {isa = PBXBuildFile; fileRef = 84006EED29A1BFE500F1FC34 /* CDView.swift */; };
		84006EF029A1C1F800F1FC34 /* CDToolbarView.swift in Sources */ = {isa = PBXBuildFile; fileRef = 84006EEF29A1C1F800F1FC34 /* CDToolbarView.swift */; };
		84006EF229A1DAEC00F1FC34 /* CDCellTrailingSwipeAction.swift in Sources */ = {isa = PBXBuildFile; fileRef = 84006EF129A1DAEC00F1FC34 /* CDCellTrailingSwipeAction.swift */; };
		84006EF529A1F6B200F1FC34 /* Album.swift in Sources */ = {isa = PBXBuildFile; fileRef = 84006EF429A1F6B200F1FC34 /* Album.swift */; };
		84006EF729A1F7A600F1FC34 /* AlbumsMainView.swift in Sources */ = {isa = PBXBuildFile; fileRef = 84006EF629A1F7A600F1FC34 /* AlbumsMainView.swift */; };
		84006EF929A1FCD500F1FC34 /* AlbumGridView.swift in Sources */ = {isa = PBXBuildFile; fileRef = 84006EF829A1FCD500F1FC34 /* AlbumGridView.swift */; };
		84006EFB29A2EA1A00F1FC34 /* PostCellView.swift in Sources */ = {isa = PBXBuildFile; fileRef = 84006EFA29A2EA1A00F1FC34 /* PostCellView.swift */; };
		84006EFE29A2EA4A00F1FC34 /* PostCellTrailingSwipeView.swift in Sources */ = {isa = PBXBuildFile; fileRef = 84006EFD29A2EA4A00F1FC34 /* PostCellTrailingSwipeView.swift */; };
		84006F0029A2EA5A00F1FC34 /* PostCellLeadingSwipeView.swift in Sources */ = {isa = PBXBuildFile; fileRef = 84006EFF29A2EA5A00F1FC34 /* PostCellLeadingSwipeView.swift */; };
		84006F0229A2ED0100F1FC34 /* GridImage.swift in Sources */ = {isa = PBXBuildFile; fileRef = 84006F0129A2ED0100F1FC34 /* GridImage.swift */; };
		84184528299DF9750002B147 /* Main.swift in Sources */ = {isa = PBXBuildFile; fileRef = 84184527299DF9750002B147 /* Main.swift */; };
		8418452A299DF9750002B147 /* PostsMainView.swift in Sources */ = {isa = PBXBuildFile; fileRef = 84184529299DF9750002B147 /* PostsMainView.swift */; };
		8418452C299DF9760002B147 /* Assets.xcassets in Resources */ = {isa = PBXBuildFile; fileRef = 8418452B299DF9760002B147 /* Assets.xcassets */; };
		8418452F299DF9760002B147 /* Preview Assets.xcassets in Resources */ = {isa = PBXBuildFile; fileRef = 8418452E299DF9760002B147 /* Preview Assets.xcassets */; };
		84184537299DF9FD0002B147 /* Post.swift in Sources */ = {isa = PBXBuildFile; fileRef = 84184536299DF9FD0002B147 /* Post.swift */; };
		84184539299DFE4B0002B147 /* SelectedView.swift in Sources */ = {isa = PBXBuildFile; fileRef = 84184538299DFE4B0002B147 /* SelectedView.swift */; };
		8418453C299EECF70002B147 /* NetworkInteractor.swift in Sources */ = {isa = PBXBuildFile; fileRef = 8418453B299EECF70002B147 /* NetworkInteractor.swift */; };
		8418453E299F18540002B147 /* PhotosMainView.swift in Sources */ = {isa = PBXBuildFile; fileRef = 8418453D299F18540002B147 /* PhotosMainView.swift */; };
		84184540299F19430002B147 /* Photo.swift in Sources */ = {isa = PBXBuildFile; fileRef = 8418453F299F19430002B147 /* Photo.swift */; };
		84184545299F1BAA0002B147 /* PhotoCellView.swift in Sources */ = {isa = PBXBuildFile; fileRef = 84184544299F1BAA0002B147 /* PhotoCellView.swift */; };
		84184547299F22DC0002B147 /* PhotoDetailView.swift in Sources */ = {isa = PBXBuildFile; fileRef = 84184546299F22DC0002B147 /* PhotoDetailView.swift */; };
		84184549299F348B0002B147 /* AbstractModel.swift in Sources */ = {isa = PBXBuildFile; fileRef = 84184548299F348B0002B147 /* AbstractModel.swift */; };
/* End PBXBuildFile section */

/* Begin PBXFileReference section */
		84006EE529A1B4C400F1FC34 /* Model.xcdatamodel */ = {isa = PBXFileReference; lastKnownFileType = wrapper.xcdatamodel; path = Model.xcdatamodel; sourceTree = "<group>"; };
		84006EE729A1B52D00F1FC34 /* CDInteractor.swift */ = {isa = PBXFileReference; lastKnownFileType = sourcecode.swift; path = CDInteractor.swift; sourceTree = "<group>"; };
		84006EEA29A1B55400F1FC34 /* PersistentContainer.swift */ = {isa = PBXFileReference; lastKnownFileType = sourcecode.swift; path = PersistentContainer.swift; sourceTree = "<group>"; };
		84006EED29A1BFE500F1FC34 /* CDView.swift */ = {isa = PBXFileReference; lastKnownFileType = sourcecode.swift; path = CDView.swift; sourceTree = "<group>"; };
		84006EEF29A1C1F800F1FC34 /* CDToolbarView.swift */ = {isa = PBXFileReference; lastKnownFileType = sourcecode.swift; path = CDToolbarView.swift; sourceTree = "<group>"; };
		84006EF129A1DAEC00F1FC34 /* CDCellTrailingSwipeAction.swift */ = {isa = PBXFileReference; lastKnownFileType = sourcecode.swift; path = CDCellTrailingSwipeAction.swift; sourceTree = "<group>"; };
		84006EF429A1F6B200F1FC34 /* Album.swift */ = {isa = PBXFileReference; lastKnownFileType = sourcecode.swift; path = Album.swift; sourceTree = "<group>"; };
		84006EF629A1F7A600F1FC34 /* AlbumsMainView.swift */ = {isa = PBXFileReference; lastKnownFileType = sourcecode.swift; path = AlbumsMainView.swift; sourceTree = "<group>"; };
		84006EF829A1FCD500F1FC34 /* AlbumGridView.swift */ = {isa = PBXFileReference; lastKnownFileType = sourcecode.swift; path = AlbumGridView.swift; sourceTree = "<group>"; };
		84006EFA29A2EA1A00F1FC34 /* PostCellView.swift */ = {isa = PBXFileReference; lastKnownFileType = sourcecode.swift; path = PostCellView.swift; sourceTree = "<group>"; };
		84006EFD29A2EA4A00F1FC34 /* PostCellTrailingSwipeView.swift */ = {isa = PBXFileReference; lastKnownFileType = sourcecode.swift; path = PostCellTrailingSwipeView.swift; sourceTree = "<group>"; };
		84006EFF29A2EA5A00F1FC34 /* PostCellLeadingSwipeView.swift */ = {isa = PBXFileReference; lastKnownFileType = sourcecode.swift; path = PostCellLeadingSwipeView.swift; sourceTree = "<group>"; };
		84006F0129A2ED0100F1FC34 /* GridImage.swift */ = {isa = PBXFileReference; lastKnownFileType = sourcecode.swift; path = GridImage.swift; sourceTree = "<group>"; };
		84184524299DF9750002B147 /* DiffableTVSwiftUI.app */ = {isa = PBXFileReference; explicitFileType = wrapper.application; includeInIndex = 0; path = DiffableTVSwiftUI.app; sourceTree = BUILT_PRODUCTS_DIR; };
		84184527299DF9750002B147 /* Main.swift */ = {isa = PBXFileReference; lastKnownFileType = sourcecode.swift; path = Main.swift; sourceTree = "<group>"; };
		84184529299DF9750002B147 /* PostsMainView.swift */ = {isa = PBXFileReference; lastKnownFileType = sourcecode.swift; path = PostsMainView.swift; sourceTree = "<group>"; };
		8418452B299DF9760002B147 /* Assets.xcassets */ = {isa = PBXFileReference; lastKnownFileType = folder.assetcatalog; path = Assets.xcassets; sourceTree = "<group>"; };
		8418452E299DF9760002B147 /* Preview Assets.xcassets */ = {isa = PBXFileReference; lastKnownFileType = folder.assetcatalog; path = "Preview Assets.xcassets"; sourceTree = "<group>"; };
		84184536299DF9FD0002B147 /* Post.swift */ = {isa = PBXFileReference; lastKnownFileType = sourcecode.swift; path = Post.swift; sourceTree = "<group>"; };
		84184538299DFE4B0002B147 /* SelectedView.swift */ = {isa = PBXFileReference; lastKnownFileType = sourcecode.swift; path = SelectedView.swift; sourceTree = "<group>"; };
		8418453B299EECF70002B147 /* NetworkInteractor.swift */ = {isa = PBXFileReference; lastKnownFileType = sourcecode.swift; path = NetworkInteractor.swift; sourceTree = "<group>"; };
		8418453D299F18540002B147 /* PhotosMainView.swift */ = {isa = PBXFileReference; lastKnownFileType = sourcecode.swift; path = PhotosMainView.swift; sourceTree = "<group>"; };
		8418453F299F19430002B147 /* Photo.swift */ = {isa = PBXFileReference; lastKnownFileType = sourcecode.swift; path = Photo.swift; sourceTree = "<group>"; };
		84184544299F1BAA0002B147 /* PhotoCellView.swift */ = {isa = PBXFileReference; lastKnownFileType = sourcecode.swift; path = PhotoCellView.swift; sourceTree = "<group>"; };
		84184546299F22DC0002B147 /* PhotoDetailView.swift */ = {isa = PBXFileReference; lastKnownFileType = sourcecode.swift; path = PhotoDetailView.swift; sourceTree = "<group>"; };
		84184548299F348B0002B147 /* AbstractModel.swift */ = {isa = PBXFileReference; lastKnownFileType = sourcecode.swift; path = AbstractModel.swift; sourceTree = "<group>"; };
/* End PBXFileReference section */

/* Begin PBXFrameworksBuildPhase section */
		84184521299DF9750002B147 /* Frameworks */ = {
			isa = PBXFrameworksBuildPhase;
			buildActionMask = 2147483647;
			files = (
			);
			runOnlyForDeploymentPostprocessing = 0;
		};
/* End PBXFrameworksBuildPhase section */

/* Begin PBXGroup section */
		84006EE329A1B4A800F1FC34 /* CoreData */ = {
			isa = PBXGroup;
			children = (
				84006EE929A1B54700F1FC34 /* PersistentContainer */,
				84006EE429A1B4C400F1FC34 /* Model.xcdatamodeld */,
				84006EE729A1B52D00F1FC34 /* CDInteractor.swift */,
			);
			path = CoreData;
			sourceTree = "<group>";
		};
		84006EE929A1B54700F1FC34 /* PersistentContainer */ = {
			isa = PBXGroup;
			children = (
				84006EEA29A1B55400F1FC34 /* PersistentContainer.swift */,
			);
			path = PersistentContainer;
			sourceTree = "<group>";
		};
		84006EEC29A1BFD600F1FC34 /* CoreDataViews */ = {
			isa = PBXGroup;
			children = (
				84006EED29A1BFE500F1FC34 /* CDView.swift */,
				84006EEF29A1C1F800F1FC34 /* CDToolbarView.swift */,
				84006EF129A1DAEC00F1FC34 /* CDCellTrailingSwipeAction.swift */,
			);
			path = CoreDataViews;
			sourceTree = "<group>";
		};
		84006EF329A1F64200F1FC34 /* Grid */ = {
			isa = PBXGroup;
			children = (
				84006EF629A1F7A600F1FC34 /* AlbumsMainView.swift */,
				84006EF829A1FCD500F1FC34 /* AlbumGridView.swift */,
				84006F0129A2ED0100F1FC34 /* GridImage.swift */,
			);
			path = Grid;
			sourceTree = "<group>";
		};
		84006EFC29A2EA3400F1FC34 /* Swipes */ = {
			isa = PBXGroup;
			children = (
				84006EFD29A2EA4A00F1FC34 /* PostCellTrailingSwipeView.swift */,
				84006EFF29A2EA5A00F1FC34 /* PostCellLeadingSwipeView.swift */,
			);
			path = Swipes;
			sourceTree = "<group>";
		};
		8418451B299DF9750002B147 = {
			isa = PBXGroup;
			children = (
				84184526299DF9750002B147 /* DiffableTVSwiftUI */,
				84184525299DF9750002B147 /* Products */,
			);
			sourceTree = "<group>";
		};
		84184525299DF9750002B147 /* Products */ = {
			isa = PBXGroup;
			children = (
				84184524299DF9750002B147 /* DiffableTVSwiftUI.app */,
			);
			name = Products;
			sourceTree = "<group>";
		};
		84184526299DF9750002B147 /* DiffableTVSwiftUI */ = {
			isa = PBXGroup;
			children = (
				84006EE329A1B4A800F1FC34 /* CoreData */,
				84184541299F1B660002B147 /* Views */,
				8418453A299EECE90002B147 /* Network */,
				84184535299DF9F30002B147 /* Model */,
				84184527299DF9750002B147 /* Main.swift */,
				8418452B299DF9760002B147 /* Assets.xcassets */,
				8418452D299DF9760002B147 /* Preview Content */,
			);
			path = DiffableTVSwiftUI;
			sourceTree = "<group>";
		};
		8418452D299DF9760002B147 /* Preview Content */ = {
			isa = PBXGroup;
			children = (
				8418452E299DF9760002B147 /* Preview Assets.xcassets */,
			);
			path = "Preview Content";
			sourceTree = "<group>";
		};
		84184535299DF9F30002B147 /* Model */ = {
			isa = PBXGroup;
			children = (
				84184536299DF9FD0002B147 /* Post.swift */,
				8418453F299F19430002B147 /* Photo.swift */,
				84184548299F348B0002B147 /* AbstractModel.swift */,
				84006EF429A1F6B200F1FC34 /* Album.swift */,
			);
			path = Model;
			sourceTree = "<group>";
		};
		8418453A299EECE90002B147 /* Network */ = {
			isa = PBXGroup;
			children = (
				8418453B299EECF70002B147 /* NetworkInteractor.swift */,
			);
			path = Network;
			sourceTree = "<group>";
		};
		84184541299F1B660002B147 /* Views */ = {
			isa = PBXGroup;
			children = (
				84006EF329A1F64200F1FC34 /* Grid */,
				84006EEC29A1BFD600F1FC34 /* CoreDataViews */,
				84184543299F1B750002B147 /* Photos */,
				84184542299F1B6D0002B147 /* Posts */,
			);
			path = Views;
			sourceTree = "<group>";
		};
		84184542299F1B6D0002B147 /* Posts */ = {
			isa = PBXGroup;
			children = (
				84006EFC29A2EA3400F1FC34 /* Swipes */,
				84184538299DFE4B0002B147 /* SelectedView.swift */,
				84184529299DF9750002B147 /* PostsMainView.swift */,
				84006EFA29A2EA1A00F1FC34 /* PostCellView.swift */,
			);
			path = Posts;
			sourceTree = "<group>";
		};
		84184543299F1B750002B147 /* Photos */ = {
			isa = PBXGroup;
			children = (
				8418453D299F18540002B147 /* PhotosMainView.swift */,
				84184544299F1BAA0002B147 /* PhotoCellView.swift */,
				84184546299F22DC0002B147 /* PhotoDetailView.swift */,
			);
			path = Photos;
			sourceTree = "<group>";
		};
/* End PBXGroup section */

/* Begin PBXNativeTarget section */
		84184523299DF9750002B147 /* DiffableTVSwiftUI */ = {
			isa = PBXNativeTarget;
			buildConfigurationList = 84184532299DF9760002B147 /* Build configuration list for PBXNativeTarget "DiffableTVSwiftUI" */;
			buildPhases = (
				84184520299DF9750002B147 /* Sources */,
				84184521299DF9750002B147 /* Frameworks */,
				84184522299DF9750002B147 /* Resources */,
			);
			buildRules = (
			);
			dependencies = (
			);
			name = DiffableTVSwiftUI;
			productName = DiffableTVSwiftUI;
			productReference = 84184524299DF9750002B147 /* DiffableTVSwiftUI.app */;
			productType = "com.apple.product-type.application";
		};
/* End PBXNativeTarget section */

/* Begin PBXProject section */
		8418451C299DF9750002B147 /* Project object */ = {
			isa = PBXProject;
			attributes = {
				BuildIndependentTargetsInParallel = 1;
				LastSwiftUpdateCheck = 1420;
				LastUpgradeCheck = 1420;
				TargetAttributes = {
					84184523299DF9750002B147 = {
						CreatedOnToolsVersion = 14.2;
					};
				};
			};
			buildConfigurationList = 8418451F299DF9750002B147 /* Build configuration list for PBXProject "DiffableTVSwiftUI" */;
			compatibilityVersion = "Xcode 14.0";
			developmentRegion = en;
			hasScannedForEncodings = 0;
			knownRegions = (
				en,
				Base,
			);
			mainGroup = 8418451B299DF9750002B147;
			productRefGroup = 84184525299DF9750002B147 /* Products */;
			projectDirPath = "";
			projectRoot = "";
			targets = (
				84184523299DF9750002B147 /* DiffableTVSwiftUI */,
			);
		};
/* End PBXProject section */

/* Begin PBXResourcesBuildPhase section */
		84184522299DF9750002B147 /* Resources */ = {
			isa = PBXResourcesBuildPhase;
			buildActionMask = 2147483647;
			files = (
				8418452F299DF9760002B147 /* Preview Assets.xcassets in Resources */,
				8418452C299DF9760002B147 /* Assets.xcassets in Resources */,
			);
			runOnlyForDeploymentPostprocessing = 0;
		};
/* End PBXResourcesBuildPhase section */

/* Begin PBXSourcesBuildPhase section */
		84184520299DF9750002B147 /* Sources */ = {
			isa = PBXSourcesBuildPhase;
			buildActionMask = 2147483647;
			files = (
				84184540299F19430002B147 /* Photo.swift in Sources */,
				84006EF229A1DAEC00F1FC34 /* CDCellTrailingSwipeAction.swift in Sources */,
				84184537299DF9FD0002B147 /* Post.swift in Sources */,
				84006EF529A1F6B200F1FC34 /* Album.swift in Sources */,
				84184539299DFE4B0002B147 /* SelectedView.swift in Sources */,
				84184545299F1BAA0002B147 /* PhotoCellView.swift in Sources */,
				8418453C299EECF70002B147 /* NetworkInteractor.swift in Sources */,
				8418452A299DF9750002B147 /* PostsMainView.swift in Sources */,
				84006EF929A1FCD500F1FC34 /* AlbumGridView.swift in Sources */,
				84006EEB29A1B55400F1FC34 /* PersistentContainer.swift in Sources */,
				84006EFB29A2EA1A00F1FC34 /* PostCellView.swift in Sources */,
				84184528299DF9750002B147 /* Main.swift in Sources */,
				84006EE829A1B52D00F1FC34 /* CDInteractor.swift in Sources */,
				84006EF729A1F7A600F1FC34 /* AlbumsMainView.swift in Sources */,
				84006F0029A2EA5A00F1FC34 /* PostCellLeadingSwipeView.swift in Sources */,
				84184549299F348B0002B147 /* AbstractModel.swift in Sources */,
				8418453E299F18540002B147 /* PhotosMainView.swift in Sources */,
				84006EFE29A2EA4A00F1FC34 /* PostCellTrailingSwipeView.swift in Sources */,
				84006EF029A1C1F800F1FC34 /* CDToolbarView.swift in Sources */,
				84006EE629A1B4C400F1FC34 /* Model.xcdatamodeld in Sources */,
				84184547299F22DC0002B147 /* PhotoDetailView.swift in Sources */,
				84006EEE29A1BFE500F1FC34 /* CDView.swift in Sources */,
				84006F0229A2ED0100F1FC34 /* GridImage.swift in Sources */,
			);
			runOnlyForDeploymentPostprocessing = 0;
		};
/* End PBXSourcesBuildPhase section */

/* Begin XCBuildConfiguration section */
		84184530299DF9760002B147 /* Debug */ = {
			isa = XCBuildConfiguration;
			buildSettings = {
				ALWAYS_SEARCH_USER_PATHS = NO;
				CLANG_ANALYZER_NONNULL = YES;
				CLANG_ANALYZER_NUMBER_OBJECT_CONVERSION = YES_AGGRESSIVE;
				CLANG_CXX_LANGUAGE_STANDARD = "gnu++20";
				CLANG_ENABLE_MODULES = YES;
				CLANG_ENABLE_OBJC_ARC = YES;
				CLANG_ENABLE_OBJC_WEAK = YES;
				CLANG_WARN_BLOCK_CAPTURE_AUTORELEASING = YES;
				CLANG_WARN_BOOL_CONVERSION = YES;
				CLANG_WARN_COMMA = YES;
				CLANG_WARN_CONSTANT_CONVERSION = YES;
				CLANG_WARN_DEPRECATED_OBJC_IMPLEMENTATIONS = YES;
				CLANG_WARN_DIRECT_OBJC_ISA_USAGE = YES_ERROR;
				CLANG_WARN_DOCUMENTATION_COMMENTS = YES;
				CLANG_WARN_EMPTY_BODY = YES;
				CLANG_WARN_ENUM_CONVERSION = YES;
				CLANG_WARN_INFINITE_RECURSION = YES;
				CLANG_WARN_INT_CONVERSION = YES;
				CLANG_WARN_NON_LITERAL_NULL_CONVERSION = YES;
				CLANG_WARN_OBJC_IMPLICIT_RETAIN_SELF = YES;
				CLANG_WARN_OBJC_LITERAL_CONVERSION = YES;
				CLANG_WARN_OBJC_ROOT_CLASS = YES_ERROR;
				CLANG_WARN_QUOTED_INCLUDE_IN_FRAMEWORK_HEADER = YES;
				CLANG_WARN_RANGE_LOOP_ANALYSIS = YES;
				CLANG_WARN_STRICT_PROTOTYPES = YES;
				CLANG_WARN_SUSPICIOUS_MOVE = YES;
				CLANG_WARN_UNGUARDED_AVAILABILITY = YES_AGGRESSIVE;
				CLANG_WARN_UNREACHABLE_CODE = YES;
				CLANG_WARN__DUPLICATE_METHOD_MATCH = YES;
				COPY_PHASE_STRIP = NO;
				DEBUG_INFORMATION_FORMAT = dwarf;
				ENABLE_STRICT_OBJC_MSGSEND = YES;
				ENABLE_TESTABILITY = YES;
				GCC_C_LANGUAGE_STANDARD = gnu11;
				GCC_DYNAMIC_NO_PIC = NO;
				GCC_NO_COMMON_BLOCKS = YES;
				GCC_OPTIMIZATION_LEVEL = 0;
				GCC_PREPROCESSOR_DEFINITIONS = (
					"DEBUG=1",
					"$(inherited)",
				);
				GCC_WARN_64_TO_32_BIT_CONVERSION = YES;
				GCC_WARN_ABOUT_RETURN_TYPE = YES_ERROR;
				GCC_WARN_UNDECLARED_SELECTOR = YES;
				GCC_WARN_UNINITIALIZED_AUTOS = YES_AGGRESSIVE;
				GCC_WARN_UNUSED_FUNCTION = YES;
				GCC_WARN_UNUSED_VARIABLE = YES;
				IPHONEOS_DEPLOYMENT_TARGET = 16.2;
				MTL_ENABLE_DEBUG_INFO = INCLUDE_SOURCE;
				MTL_FAST_MATH = YES;
				ONLY_ACTIVE_ARCH = YES;
				SDKROOT = iphoneos;
				SWIFT_ACTIVE_COMPILATION_CONDITIONS = DEBUG;
				SWIFT_OPTIMIZATION_LEVEL = "-Onone";
			};
			name = Debug;
		};
		84184531299DF9760002B147 /* Release */ = {
			isa = XCBuildConfiguration;
			buildSettings = {
				ALWAYS_SEARCH_USER_PATHS = NO;
				CLANG_ANALYZER_NONNULL = YES;
				CLANG_ANALYZER_NUMBER_OBJECT_CONVERSION = YES_AGGRESSIVE;
				CLANG_CXX_LANGUAGE_STANDARD = "gnu++20";
				CLANG_ENABLE_MODULES = YES;
				CLANG_ENABLE_OBJC_ARC = YES;
				CLANG_ENABLE_OBJC_WEAK = YES;
				CLANG_WARN_BLOCK_CAPTURE_AUTORELEASING = YES;
				CLANG_WARN_BOOL_CONVERSION = YES;
				CLANG_WARN_COMMA = YES;
				CLANG_WARN_CONSTANT_CONVERSION = YES;
				CLANG_WARN_DEPRECATED_OBJC_IMPLEMENTATIONS = YES;
				CLANG_WARN_DIRECT_OBJC_ISA_USAGE = YES_ERROR;
				CLANG_WARN_DOCUMENTATION_COMMENTS = YES;
				CLANG_WARN_EMPTY_BODY = YES;
				CLANG_WARN_ENUM_CONVERSION = YES;
				CLANG_WARN_INFINITE_RECURSION = YES;
				CLANG_WARN_INT_CONVERSION = YES;
				CLANG_WARN_NON_LITERAL_NULL_CONVERSION = YES;
				CLANG_WARN_OBJC_IMPLICIT_RETAIN_SELF = YES;
				CLANG_WARN_OBJC_LITERAL_CONVERSION = YES;
				CLANG_WARN_OBJC_ROOT_CLASS = YES_ERROR;
				CLANG_WARN_QUOTED_INCLUDE_IN_FRAMEWORK_HEADER = YES;
				CLANG_WARN_RANGE_LOOP_ANALYSIS = YES;
				CLANG_WARN_STRICT_PROTOTYPES = YES;
				CLANG_WARN_SUSPICIOUS_MOVE = YES;
				CLANG_WARN_UNGUARDED_AVAILABILITY = YES_AGGRESSIVE;
				CLANG_WARN_UNREACHABLE_CODE = YES;
				CLANG_WARN__DUPLICATE_METHOD_MATCH = YES;
				COPY_PHASE_STRIP = NO;
				DEBUG_INFORMATION_FORMAT = "dwarf-with-dsym";
				ENABLE_NS_ASSERTIONS = NO;
				ENABLE_STRICT_OBJC_MSGSEND = YES;
				GCC_C_LANGUAGE_STANDARD = gnu11;
				GCC_NO_COMMON_BLOCKS = YES;
				GCC_WARN_64_TO_32_BIT_CONVERSION = YES;
				GCC_WARN_ABOUT_RETURN_TYPE = YES_ERROR;
				GCC_WARN_UNDECLARED_SELECTOR = YES;
				GCC_WARN_UNINITIALIZED_AUTOS = YES_AGGRESSIVE;
				GCC_WARN_UNUSED_FUNCTION = YES;
				GCC_WARN_UNUSED_VARIABLE = YES;
				IPHONEOS_DEPLOYMENT_TARGET = 16.2;
				MTL_ENABLE_DEBUG_INFO = NO;
				MTL_FAST_MATH = YES;
				SDKROOT = iphoneos;
				SWIFT_COMPILATION_MODE = wholemodule;
				SWIFT_OPTIMIZATION_LEVEL = "-O";
				VALIDATE_PRODUCT = YES;
			};
			name = Release;
		};
		84184533299DF9760002B147 /* Debug */ = {
			isa = XCBuildConfiguration;
			buildSettings = {
				ASSETCATALOG_COMPILER_APPICON_NAME = AppIcon;
				ASSETCATALOG_COMPILER_GLOBAL_ACCENT_COLOR_NAME = AccentColor;
				CODE_SIGN_STYLE = Automatic;
				CURRENT_PROJECT_VERSION = 1;
				DEVELOPMENT_ASSET_PATHS = "\"DiffableTVSwiftUI/Preview Content\"";
				DEVELOPMENT_TEAM = 2UNMMBBBM3;
				ENABLE_PREVIEWS = YES;
				GENERATE_INFOPLIST_FILE = YES;
				INFOPLIST_KEY_UIApplicationSceneManifest_Generation = YES;
				INFOPLIST_KEY_UIApplicationSupportsIndirectInputEvents = YES;
				INFOPLIST_KEY_UILaunchScreen_Generation = YES;
				INFOPLIST_KEY_UISupportedInterfaceOrientations_iPad = "UIInterfaceOrientationPortrait UIInterfaceOrientationPortraitUpsideDown UIInterfaceOrientationLandscapeLeft UIInterfaceOrientationLandscapeRight";
				INFOPLIST_KEY_UISupportedInterfaceOrientations_iPhone = "UIInterfaceOrientationPortrait UIInterfaceOrientationLandscapeLeft UIInterfaceOrientationLandscapeRight";
				LD_RUNPATH_SEARCH_PATHS = (
					"$(inherited)",
					"@executable_path/Frameworks",
				);
				MARKETING_VERSION = 1.0;
				PRODUCT_BUNDLE_IDENTIFIER = com.aairde.DiffableTVSwiftUI;
				PRODUCT_NAME = "$(TARGET_NAME)";
				SWIFT_EMIT_LOC_STRINGS = YES;
				SWIFT_VERSION = 5.0;
				TARGETED_DEVICE_FAMILY = "1,2";
			};
			name = Debug;
		};
		84184534299DF9760002B147 /* Release */ = {
			isa = XCBuildConfiguration;
			buildSettings = {
				ASSETCATALOG_COMPILER_APPICON_NAME = AppIcon;
				ASSETCATALOG_COMPILER_GLOBAL_ACCENT_COLOR_NAME = AccentColor;
				CODE_SIGN_STYLE = Automatic;
				CURRENT_PROJECT_VERSION = 1;
				DEVELOPMENT_ASSET_PATHS = "\"DiffableTVSwiftUI/Preview Content\"";
				DEVELOPMENT_TEAM = 2UNMMBBBM3;
				ENABLE_PREVIEWS = YES;
				GENERATE_INFOPLIST_FILE = YES;
				INFOPLIST_KEY_UIApplicationSceneManifest_Generation = YES;
				INFOPLIST_KEY_UIApplicationSupportsIndirectInputEvents = YES;
				INFOPLIST_KEY_UILaunchScreen_Generation = YES;
				INFOPLIST_KEY_UISupportedInterfaceOrientations_iPad = "UIInterfaceOrientationPortrait UIInterfaceOrientationPortraitUpsideDown UIInterfaceOrientationLandscapeLeft UIInterfaceOrientationLandscapeRight";
				INFOPLIST_KEY_UISupportedInterfaceOrientations_iPhone = "UIInterfaceOrientationPortrait UIInterfaceOrientationLandscapeLeft UIInterfaceOrientationLandscapeRight";
				LD_RUNPATH_SEARCH_PATHS = (
					"$(inherited)",
					"@executable_path/Frameworks",
				);
				MARKETING_VERSION = 1.0;
				PRODUCT_BUNDLE_IDENTIFIER = com.aairde.DiffableTVSwiftUI;
				PRODUCT_NAME = "$(TARGET_NAME)";
				SWIFT_EMIT_LOC_STRINGS = YES;
				SWIFT_VERSION = 5.0;
				TARGETED_DEVICE_FAMILY = "1,2";
			};
			name = Release;
		};
/* End XCBuildConfiguration section */

/* Begin XCConfigurationList section */
		8418451F299DF9750002B147 /* Build configuration list for PBXProject "DiffableTVSwiftUI" */ = {
			isa = XCConfigurationList;
			buildConfigurations = (
				84184530299DF9760002B147 /* Debug */,
				84184531299DF9760002B147 /* Release */,
			);
			defaultConfigurationIsVisible = 0;
			defaultConfigurationName = Release;
		};
		84184532299DF9760002B147 /* Build configuration list for PBXNativeTarget "DiffableTVSwiftUI" */ = {
			isa = XCConfigurationList;
			buildConfigurations = (
				84184533299DF9760002B147 /* Debug */,
				84184534299DF9760002B147 /* Release */,
			);
			defaultConfigurationIsVisible = 0;
			defaultConfigurationName = Release;
		};
/* End XCConfigurationList section */

/* Begin XCVersionGroup section */
		84006EE429A1B4C400F1FC34 /* Model.xcdatamodeld */ = {
			isa = XCVersionGroup;
			children = (
				84006EE529A1B4C400F1FC34 /* Model.xcdatamodel */,
			);
			currentVersion = 84006EE529A1B4C400F1FC34 /* Model.xcdatamodel */;
			path = Model.xcdatamodeld;
			sourceTree = "<group>";
			versionGroupType = wrapper.xcdatamodel;
		};
/* End XCVersionGroup section */
	};
	rootObject = 8418451C299DF9750002B147 /* Project object */;
}
